
Microsoft Visual Studio Solution File, Format Version 12.00
# Visual Studio 15
Project("{FAE04EC0-301F-11D3-BF4B-00C04F79EFBC}") = "Assembly-CSharp", "Assembly-CSharp.csproj", "{A43337EB-7CB1-EEC8-C089-F65C7D2D708F}"
EndProject
Global
	GlobalSection(SolutionConfigurationPlatforms) = preSolution
		Debug|Any CPU = Debug|Any CPU
		Release|Any CPU = Release|Any CPU
	EndGlobalSection
	GlobalSection(ProjectConfigurationPlatforms) = postSolution
		{A43337EB-7CB1-EEC8-C089-F65C7D2D708F}.Debug|Any CPU.ActiveCfg = Debug|Any CPU
		{A43337EB-7CB1-EEC8-C089-F65C7D2D708F}.Debug|Any CPU.Build.0 = Debug|Any CPU
		{A43337EB-7CB1-EEC8-C089-F65C7D2D708F}.Release|Any CPU.ActiveCfg = Release|Any CPU
		{A43337EB-7CB1-EEC8-C089-F65C7D2D708F}.Release|Any CPU.Build.0 = Release|Any CPU
	EndGlobalSection
	GlobalSection(SolutionProperties) = preSolution
		HideSolutionNode = FALSE
	EndGlobalSection
EndGlobal
